
Microsoft Visual Studio Solution File, Format Version 12.00
# Visual Studio Version 16
VisualStudioVersion = 16.0.31729.503
MinimumVisualStudioVersion = 10.0.40219.1
Project("{FAE04EC0-301F-11D3-BF4B-00C04F79EFBC}") = "ReseauSocial.Wpf", "ReseauSocial.Wpf\ReseauSocial.Wpf.csproj", "{B702FC89-D03E-4388-BFC8-967693FC00D0}"
EndProject
Project("{2150E333-8FDC-42A3-9474-1A3956D46DE8}") = "01 WPF", "01 WPF", "{5CDD316F-7EBF-4A1C-A8AA-30B211E519AF}"
EndProject
Project("{2150E333-8FDC-42A3-9474-1A3956D46DE8}") = "10 BLL", "10 BLL", "{95CF7822-B067-4DF9-80A0-D724CEDF673E}"
EndProject
Project("{2150E333-8FDC-42A3-9474-1A3956D46DE8}") = "20 DAL", "20 DAL", "{F4BC1A03-3CCA-45E4-8CA7-5868D38729C1}"
EndProject
Project("{FAE04EC0-301F-11D3-BF4B-00C04F79EFBC}") = "DAL", "DAL\DAL.csproj", "{225729D2-5692-479B-A2A1-8CEAB0B9A7D7}"
EndProject
Project("{FAE04EC0-301F-11D3-BF4B-00C04F79EFBC}") = "BLL", "BLL\BLL.csproj", "{19401AF7-207A-414D-B81D-38A4DD908B73}"
EndProject
Project("{2150E333-8FDC-42A3-9474-1A3956D46DE8}") = "30 Tools", "30 Tools", "{BCDA2863-C93D-4263-BF4B-5399621887C9}"
EndProject
Project("{9A19103F-16F7-4668-BE54-9A1E7A4F7556}") = "Tools.Patterns", "Tools.Patterns\Tools.Patterns.csproj", "{2135D407-8C0E-4B1F-95F9-4BA7E69A672B}"
EndProject
Global
	GlobalSection(SolutionConfigurationPlatforms) = preSolution
		Debug|Any CPU = Debug|Any CPU
		Release|Any CPU = Release|Any CPU
	EndGlobalSection
	GlobalSection(ProjectConfigurationPlatforms) = postSolution
		{B702FC89-D03E-4388-BFC8-967693FC00D0}.Debug|Any CPU.ActiveCfg = Debug|Any CPU
		{B702FC89-D03E-4388-BFC8-967693FC00D0}.Debug|Any CPU.Build.0 = Debug|Any CPU
		{B702FC89-D03E-4388-BFC8-967693FC00D0}.Release|Any CPU.ActiveCfg = Release|Any CPU
		{B702FC89-D03E-4388-BFC8-967693FC00D0}.Release|Any CPU.Build.0 = Release|Any CPU
		{225729D2-5692-479B-A2A1-8CEAB0B9A7D7}.Debug|Any CPU.ActiveCfg = Debug|Any CPU
		{225729D2-5692-479B-A2A1-8CEAB0B9A7D7}.Debug|Any CPU.Build.0 = Debug|Any CPU
		{225729D2-5692-479B-A2A1-8CEAB0B9A7D7}.Release|Any CPU.ActiveCfg = Release|Any CPU
		{225729D2-5692-479B-A2A1-8CEAB0B9A7D7}.Release|Any CPU.Build.0 = Release|Any CPU
		{19401AF7-207A-414D-B81D-38A4DD908B73}.Debug|Any CPU.ActiveCfg = Debug|Any CPU
		{19401AF7-207A-414D-B81D-38A4DD908B73}.Debug|Any CPU.Build.0 = Debug|Any CPU
		{19401AF7-207A-414D-B81D-38A4DD908B73}.Release|Any CPU.ActiveCfg = Release|Any CPU
		{19401AF7-207A-414D-B81D-38A4DD908B73}.Release|Any CPU.Build.0 = Release|Any CPU
		{2135D407-8C0E-4B1F-95F9-4BA7E69A672B}.Debug|Any CPU.ActiveCfg = Debug|Any CPU
		{2135D407-8C0E-4B1F-95F9-4BA7E69A672B}.Debug|Any CPU.Build.0 = Debug|Any CPU
		{2135D407-8C0E-4B1F-95F9-4BA7E69A672B}.Release|Any CPU.ActiveCfg = Release|Any CPU
		{2135D407-8C0E-4B1F-95F9-4BA7E69A672B}.Release|Any CPU.Build.0 = Release|Any CPU
	EndGlobalSection
	GlobalSection(SolutionProperties) = preSolution
		HideSolutionNode = FALSE
	EndGlobalSection
	GlobalSection(NestedProjects) = preSolution
		{B702FC89-D03E-4388-BFC8-967693FC00D0} = {5CDD316F-7EBF-4A1C-A8AA-30B211E519AF}
		{225729D2-5692-479B-A2A1-8CEAB0B9A7D7} = {F4BC1A03-3CCA-45E4-8CA7-5868D38729C1}
		{19401AF7-207A-414D-B81D-38A4DD908B73} = {95CF7822-B067-4DF9-80A0-D724CEDF673E}
		{2135D407-8C0E-4B1F-95F9-4BA7E69A672B} = {BCDA2863-C93D-4263-BF4B-5399621887C9}
	EndGlobalSection
	GlobalSection(ExtensibilityGlobals) = postSolution
		SolutionGuid = {A80515B1-8FCD-4B82-91FF-26D6157D1786}
	EndGlobalSection
EndGlobal
